
Microsoft Visual Studio Solution File, Format Version 12.00
# Visual Studio Version 17
VisualStudioVersion = 17.0.31903.59
MinimumVisualStudioVersion = 10.0.40219.1
Project("{FAE04EC0-301F-11D3-BF4B-00C04F79EFBC}") = "Api", "src\Api\Api.csproj", "{4F2F94A7-70C9-428B-B1A0-E561CAC63DE3}"
EndProject
Project("{FAE04EC0-301F-11D3-BF4B-00C04F79EFBC}") = "IntegrationTests", "test\IntegrationTests\IntegrationTests.csproj", "{806362F8-C283-4B7D-B450-607E2CA02C11}"
EndProject
Project("{2150E333-8FDC-42A3-9474-1A3956D46DE8}") = "Test", "Test", "{97074A47-8AB7-43BF-9B6E-E7A7BD5653FA}"
EndProject
Project("{FAE04EC0-301F-11D3-BF4B-00C04F79EFBC}") = "Api.DeploymentProject", "src\Api.DeploymentProject\Api.DeploymentProject.csproj", "{3D2BE308-EA6A-491F-8D8C-57A23263EF2A}"
EndProject
Global
	GlobalSection(SolutionConfigurationPlatforms) = preSolution
		Debug|Any CPU = Debug|Any CPU
		Release|Any CPU = Release|Any CPU
	EndGlobalSection
	GlobalSection(SolutionProperties) = preSolution
		HideSolutionNode = FALSE
	EndGlobalSection
	GlobalSection(ProjectConfigurationPlatforms) = postSolution
		{4F2F94A7-70C9-428B-B1A0-E561CAC63DE3}.Debug|Any CPU.ActiveCfg = Debug|Any CPU
		{4F2F94A7-70C9-428B-B1A0-E561CAC63DE3}.Debug|Any CPU.Build.0 = Debug|Any CPU
		{4F2F94A7-70C9-428B-B1A0-E561CAC63DE3}.Release|Any CPU.ActiveCfg = Release|Any CPU
		{4F2F94A7-70C9-428B-B1A0-E561CAC63DE3}.Release|Any CPU.Build.0 = Release|Any CPU
		{806362F8-C283-4B7D-B450-607E2CA02C11}.Debug|Any CPU.ActiveCfg = Debug|Any CPU
		{806362F8-C283-4B7D-B450-607E2CA02C11}.Debug|Any CPU.Build.0 = Debug|Any CPU
		{806362F8-C283-4B7D-B450-607E2CA02C11}.Release|Any CPU.ActiveCfg = Release|Any CPU
		{806362F8-C283-4B7D-B450-607E2CA02C11}.Release|Any CPU.Build.0 = Release|Any CPU
		{3D2BE308-EA6A-491F-8D8C-57A23263EF2A}.Debug|Any CPU.ActiveCfg = Debug|Any CPU
		{3D2BE308-EA6A-491F-8D8C-57A23263EF2A}.Debug|Any CPU.Build.0 = Debug|Any CPU
		{3D2BE308-EA6A-491F-8D8C-57A23263EF2A}.Release|Any CPU.ActiveCfg = Release|Any CPU
		{3D2BE308-EA6A-491F-8D8C-57A23263EF2A}.Release|Any CPU.Build.0 = Release|Any CPU
	EndGlobalSection
	GlobalSection(NestedProjects) = preSolution
		{806362F8-C283-4B7D-B450-607E2CA02C11} = {97074A47-8AB7-43BF-9B6E-E7A7BD5653FA}
	EndGlobalSection
EndGlobal
